
Microsoft Visual Studio Solution File, Format Version 12.00
# Visual Studio Version 17
VisualStudioVersion = 17.14.36414.22
MinimumVisualStudioVersion = 10.0.40219.1
Project("{2150E333-8FDC-42A3-9474-1A3956D46DE8}") = "Task0", "Task0", "{02EA681E-C7D8-13C7-8484-4AC65E1B71E8}"
EndProject
Project("{FAE04EC0-301F-11D3-BF4B-00C04F79EFBC}") = "Tyuiu.ZakachurinIE.Sprint3.Task0.V6", "Tyuiu.ZakachurinIE.Sprint3.Task0.V6\Tyuiu.ZakachurinIE.Sprint3.Task0.V6.csproj", "{F8FA0652-EAF8-4962-A5CA-E0F7FD23EF5E}"
EndProject
Project("{FAE04EC0-301F-11D3-BF4B-00C04F79EFBC}") = "Tyuiu.ZakachurinIE.Sprint3.Task0.V6.Lib", "Tyuiu.ZakachurinIE.Sprint3.Task0.V6.Lib\Tyuiu.ZakachurinIE.Sprint3.Task0.V6.Lib.csproj", "{235DECE9-4603-4724-B6D6-5FD24E2AA8AF}"
EndProject
Project("{FAE04EC0-301F-11D3-BF4B-00C04F79EFBC}") = "Tyuiu.ZakachurinIE.Sprint3.Task0.V6.Test", "Tyuiu.ZakachurinIE.Sprint3.Task0.V6.Test\Tyuiu.ZakachurinIE.Sprint3.Task0.V6.Test.csproj", "{2300A55A-E0EC-4C73-A47A-FDC2B7FFE902}"
EndProject
Project("{2150E333-8FDC-42A3-9474-1A3956D46DE8}") = "Task1", "Task1", "{0FD24D74-D718-409D-B961-057C07DAD620}"
EndProject
Project("{FAE04EC0-301F-11D3-BF4B-00C04F79EFBC}") = "Tyuiu.ZakachurinIE.Sprint3.Task1.V10", "Tyuiu.ZakachurinIE.Sprint3.Task1.V10\Tyuiu.ZakachurinIE.Sprint3.Task1.V10.csproj", "{FC2280A1-1D33-4003-93B8-8F5E843303C9}"
EndProject
Project("{FAE04EC0-301F-11D3-BF4B-00C04F79EFBC}") = "Tyuiu.ZakachurinIE.Sprint3.Task1.V10.Lib", "Tyuiu.ZakachurinIE.Sprint3.Task1.V10.Lib\Tyuiu.ZakachurinIE.Sprint3.Task1.V10.Lib.csproj", "{3197E644-74FC-49C7-AEA5-4963D8299C47}"
EndProject
Project("{FAE04EC0-301F-11D3-BF4B-00C04F79EFBC}") = "Tyuiu.ZakachurinIE.Sprint3.Task1.V10.Test", "Tyuiu.ZakachurinIE.Sprint3.Task1.V10.Test\Tyuiu.ZakachurinIE.Sprint3.Task1.V10.Test.csproj", "{C934F9A0-8FA3-4C71-A207-AFB674E4B4C8}"
EndProject
Project("{2150E333-8FDC-42A3-9474-1A3956D46DE8}") = "Task2", "Task2", "{A2A9659E-AE22-4233-9268-8D277445FEFD}"
EndProject
Project("{FAE04EC0-301F-11D3-BF4B-00C04F79EFBC}") = "Tyuiu.ZakachurinIE.Sprint3.Task2.V21", "Tyuiu.ZakachurinIE.Sprint3.Task2.V21\Tyuiu.ZakachurinIE.Sprint3.Task2.V21.csproj", "{64DBD7BB-1613-42D5-90F6-A08966B3237D}"
EndProject
Project("{FAE04EC0-301F-11D3-BF4B-00C04F79EFBC}") = "Tyuiu.ZakachurinIE.Sprint3.Task2.V21.Lib", "Tyuiu.ZakachurinIE.Sprint3.Task2.V21.Lib\Tyuiu.ZakachurinIE.Sprint3.Task2.V21.Lib.csproj", "{7B69FEAD-8E11-4983-9111-41A2C784B0D3}"
EndProject
Project("{FAE04EC0-301F-11D3-BF4B-00C04F79EFBC}") = "Tyuiu.ZakachurinIE.Sprint3.Task2.V21.Test", "Tyuiu.ZakachurinIE.Sprint3.Task2.V21.Test\Tyuiu.ZakachurinIE.Sprint3.Task2.V21.Test.csproj", "{5E380546-0F44-4DC2-935F-40036ABDF002}"
EndProject
Project("{2150E333-8FDC-42A3-9474-1A3956D46DE8}") = "Task3", "Task3", "{8ADBC594-BCA6-431B-AA7B-BF6C8C23BED3}"
EndProject
Project("{FAE04EC0-301F-11D3-BF4B-00C04F79EFBC}") = "Tyuiu.ZakachurinIE.Sprint3.Task3.V7", "Tyuiu.ZakachurinIE.Sprint3.Task3.V7\Tyuiu.ZakachurinIE.Sprint3.Task3.V7.csproj", "{001D799E-178A-4F6B-A50C-5852C4F2C3FA}"
EndProject
Project("{FAE04EC0-301F-11D3-BF4B-00C04F79EFBC}") = "Tyuiu.ZakachurinIE.Sprint3.Task3.V7.Lib", "Tyuiu.ZakachurinIE.Sprint3.Task3.V7.Lib\Tyuiu.ZakachurinIE.Sprint3.Task3.V7.Lib.csproj", "{6CD92DF5-A483-4A84-B695-F950FDFC9615}"
EndProject
Project("{FAE04EC0-301F-11D3-BF4B-00C04F79EFBC}") = "Tyuiu.ZakachurinIE.Sprint3.Task3.V7.Test", "Tyuiu.ZakachurinIE.Sprint3.Task3.V7.Test\Tyuiu.ZakachurinIE.Sprint3.Task3.V7.Test.csproj", "{E50B2819-F09A-4804-86EB-1CCA5BDD1BCC}"
EndProject
Project("{2150E333-8FDC-42A3-9474-1A3956D46DE8}") = "Task4", "Task4", "{6D8B6FFD-32D8-4957-BCC6-5940D5B50326}"
EndProject
Project("{FAE04EC0-301F-11D3-BF4B-00C04F79EFBC}") = "Tyuiu.ZakachurinIE.Sprint3.Task4.V25", "Tyuiu.ZakachurinIE.Sprint3.Task4.V25\Tyuiu.ZakachurinIE.Sprint3.Task4.V25.csproj", "{98C3CE24-CA7B-448D-99AA-018F859491CB}"
EndProject
Project("{FAE04EC0-301F-11D3-BF4B-00C04F79EFBC}") = "Tyuiu.ZakachurinIE.Sprint3.Task4.V25.Lib", "Tyuiu.ZakachurinIE.Sprint3.Task4.V25.Lib\Tyuiu.ZakachurinIE.Sprint3.Task4.V25.Lib.csproj", "{45AD65D7-3C1B-4064-BAC5-08E040ACAEDB}"
EndProject
Project("{FAE04EC0-301F-11D3-BF4B-00C04F79EFBC}") = "Tyuiu.ZakachurinIE.Sprint3.Task4.V25.Test", "Tyuiu.ZakachurinIE.Sprint3.Task4.V25.Test\Tyuiu.ZakachurinIE.Sprint3.Task4.V25.Test.csproj", "{5F565438-5432-4661-BE1F-742A1F12714D}"
EndProject
Project("{2150E333-8FDC-42A3-9474-1A3956D46DE8}") = "Task5", "Task5", "{FECE80A8-54CF-4CC4-BB1F-6397357CFED5}"
EndProject
Project("{FAE04EC0-301F-11D3-BF4B-00C04F79EFBC}") = "Tyuiu.ZakachurinIE.Sprint3.Task5.V15", "Tyuiu.ZakachurinIE.Sprint3.Task5.V15\Tyuiu.ZakachurinIE.Sprint3.Task5.V15.csproj", "{6B107B6D-B65B-4662-96F5-59EBF25D90D9}"
EndProject
Project("{FAE04EC0-301F-11D3-BF4B-00C04F79EFBC}") = "Tyuiu.ZakachurinIE.Sprint3.Task5.V15.Lib", "Tyuiu.ZakachurinIE.Sprint3.Task5.V15.Lib\Tyuiu.ZakachurinIE.Sprint3.Task5.V15.Lib.csproj", "{C46CC29E-A6A6-4A53-B652-7784FC7F6998}"
EndProject
Project("{FAE04EC0-301F-11D3-BF4B-00C04F79EFBC}") = "Tyuiu.ZakachurinIE.Sprint3.Task5.V15.Test", "Tyuiu.ZakachurinIE.Sprint3.Task5.V15.Test\Tyuiu.ZakachurinIE.Sprint3.Task5.V15.Test.csproj", "{070BFDB5-25E3-4D87-883A-D293BA808EF9}"
EndProject
Project("{2150E333-8FDC-42A3-9474-1A3956D46DE8}") = "Task6", "Task6", "{1FC5610A-E874-42C7-9EB0-B55EB93376E8}"
EndProject
Project("{FAE04EC0-301F-11D3-BF4B-00C04F79EFBC}") = "Tyuiu.ZakachurinIE.Sprint3.Task6.V14", "Tyuiu.ZakachurinIE.Sprint3.Task6.V14\Tyuiu.ZakachurinIE.Sprint3.Task6.V14.csproj", "{3E26DAA0-3AB1-4EEF-BEC5-A30AFDF281B4}"
EndProject
Project("{FAE04EC0-301F-11D3-BF4B-00C04F79EFBC}") = "Tyuiu.ZakachurinIE.Sprint3.Task6.V14.Lib", "Tyuiu.ZakachurinIE.Sprint3.Task6.V14.Lib\Tyuiu.ZakachurinIE.Sprint3.Task6.V14.Lib.csproj", "{8A295213-5363-4C74-B6F6-C0CF22F9B9E1}"
EndProject
Project("{FAE04EC0-301F-11D3-BF4B-00C04F79EFBC}") = "Tyuiu.ZakachurinIE.Sprint3.Task6.V14.Test", "Tyuiu.ZakachurinIE.Sprint3.Task6.V14.Test\Tyuiu.ZakachurinIE.Sprint3.Task6.V14.Test.csproj", "{CBF93628-097A-48D8-BD05-956347FB0C1C}"
EndProject
Project("{2150E333-8FDC-42A3-9474-1A3956D46DE8}") = "Task7", "Task7", "{266B70BA-1C01-44ED-98B2-1C9D38D5E0B9}"
EndProject
Project("{FAE04EC0-301F-11D3-BF4B-00C04F79EFBC}") = "Tyuiu.ZakachurinIE.Sprint3.Task7.V14", "Tyuiu.ZakachurinIE.Sprint3.Task7.V14\Tyuiu.ZakachurinIE.Sprint3.Task7.V14.csproj", "{94EEB380-B17D-468B-88C1-14F12668F49C}"
EndProject
Project("{FAE04EC0-301F-11D3-BF4B-00C04F79EFBC}") = "Tyuiu.ZakachurinIE.Sprint3.Task7.V14.Lib", "Tyuiu.ZakachurinIE.Sprint3.Task7.V14.Lib\Tyuiu.ZakachurinIE.Sprint3.Task7.V14.Lib.csproj", "{44448069-93D0-48C4-B0D5-D3C9C3EFD259}"
EndProject
Project("{FAE04EC0-301F-11D3-BF4B-00C04F79EFBC}") = "Tyuiu.ZakachurinIE.Sprint3.Task7.V14.Test", "Tyuiu.ZakachurinIE.Sprint3.Task7.V14.Test\Tyuiu.ZakachurinIE.Sprint3.Task7.V14.Test.csproj", "{66B78CEB-E678-4F9F-9BDF-59DA55281B0A}"
EndProject
Global
	GlobalSection(SolutionConfigurationPlatforms) = preSolution
		Debug|Any CPU = Debug|Any CPU
		Release|Any CPU = Release|Any CPU
	EndGlobalSection
	GlobalSection(ProjectConfigurationPlatforms) = postSolution
		{F8FA0652-EAF8-4962-A5CA-E0F7FD23EF5E}.Debug|Any CPU.ActiveCfg = Debug|Any CPU
		{F8FA0652-EAF8-4962-A5CA-E0F7FD23EF5E}.Debug|Any CPU.Build.0 = Debug|Any CPU
		{F8FA0652-EAF8-4962-A5CA-E0F7FD23EF5E}.Release|Any CPU.ActiveCfg = Release|Any CPU
		{F8FA0652-EAF8-4962-A5CA-E0F7FD23EF5E}.Release|Any CPU.Build.0 = Release|Any CPU
		{235DECE9-4603-4724-B6D6-5FD24E2AA8AF}.Debug|Any CPU.ActiveCfg = Debug|Any CPU
		{235DECE9-4603-4724-B6D6-5FD24E2AA8AF}.Debug|Any CPU.Build.0 = Debug|Any CPU
		{235DECE9-4603-4724-B6D6-5FD24E2AA8AF}.Release|Any CPU.ActiveCfg = Release|Any CPU
		{235DECE9-4603-4724-B6D6-5FD24E2AA8AF}.Release|Any CPU.Build.0 = Release|Any CPU
		{2300A55A-E0EC-4C73-A47A-FDC2B7FFE902}.Debug|Any CPU.ActiveCfg = Debug|Any CPU
		{2300A55A-E0EC-4C73-A47A-FDC2B7FFE902}.Debug|Any CPU.Build.0 = Debug|Any CPU
		{2300A55A-E0EC-4C73-A47A-FDC2B7FFE902}.Release|Any CPU.ActiveCfg = Release|Any CPU
		{2300A55A-E0EC-4C73-A47A-FDC2B7FFE902}.Release|Any CPU.Build.0 = Release|Any CPU
		{FC2280A1-1D33-4003-93B8-8F5E843303C9}.Debug|Any CPU.ActiveCfg = Debug|Any CPU
		{FC2280A1-1D33-4003-93B8-8F5E843303C9}.Debug|Any CPU.Build.0 = Debug|Any CPU
		{FC2280A1-1D33-4003-93B8-8F5E843303C9}.Release|Any CPU.ActiveCfg = Release|Any CPU
		{FC2280A1-1D33-4003-93B8-8F5E843303C9}.Release|Any CPU.Build.0 = Release|Any CPU
		{3197E644-74FC-49C7-AEA5-4963D8299C47}.Debug|Any CPU.ActiveCfg = Debug|Any CPU
		{3197E644-74FC-49C7-AEA5-4963D8299C47}.Debug|Any CPU.Build.0 = Debug|Any CPU
		{3197E644-74FC-49C7-AEA5-4963D8299C47}.Release|Any CPU.ActiveCfg = Release|Any CPU
		{3197E644-74FC-49C7-AEA5-4963D8299C47}.Release|Any CPU.Build.0 = Release|Any CPU
		{C934F9A0-8FA3-4C71-A207-AFB674E4B4C8}.Debug|Any CPU.ActiveCfg = Debug|Any CPU
		{C934F9A0-8FA3-4C71-A207-AFB674E4B4C8}.Debug|Any CPU.Build.0 = Debug|Any CPU
		{C934F9A0-8FA3-4C71-A207-AFB674E4B4C8}.Release|Any CPU.ActiveCfg = Release|Any CPU
		{C934F9A0-8FA3-4C71-A207-AFB674E4B4C8}.Release|Any CPU.Build.0 = Release|Any CPU
		{64DBD7BB-1613-42D5-90F6-A08966B3237D}.Debug|Any CPU.ActiveCfg = Debug|Any CPU
		{64DBD7BB-1613-42D5-90F6-A08966B3237D}.Debug|Any CPU.Build.0 = Debug|Any CPU
		{64DBD7BB-1613-42D5-90F6-A08966B3237D}.Release|Any CPU.ActiveCfg = Release|Any CPU
		{64DBD7BB-1613-42D5-90F6-A08966B3237D}.Release|Any CPU.Build.0 = Release|Any CPU
		{7B69FEAD-8E11-4983-9111-41A2C784B0D3}.Debug|Any CPU.ActiveCfg = Debug|Any CPU
		{7B69FEAD-8E11-4983-9111-41A2C784B0D3}.Debug|Any CPU.Build.0 = Debug|Any CPU
		{7B69FEAD-8E11-4983-9111-41A2C784B0D3}.Release|Any CPU.ActiveCfg = Release|Any CPU
		{7B69FEAD-8E11-4983-9111-41A2C784B0D3}.Release|Any CPU.Build.0 = Release|Any CPU
		{5E380546-0F44-4DC2-935F-40036ABDF002}.Debug|Any CPU.ActiveCfg = Debug|Any CPU
		{5E380546-0F44-4DC2-935F-40036ABDF002}.Debug|Any CPU.Build.0 = Debug|Any CPU
		{5E380546-0F44-4DC2-935F-40036ABDF002}.Release|Any CPU.ActiveCfg = Release|Any CPU
		{5E380546-0F44-4DC2-935F-40036ABDF002}.Release|Any CPU.Build.0 = Release|Any CPU
		{001D799E-178A-4F6B-A50C-5852C4F2C3FA}.Debug|Any CPU.ActiveCfg = Debug|Any CPU
		{001D799E-178A-4F6B-A50C-5852C4F2C3FA}.Debug|Any CPU.Build.0 = Debug|Any CPU
		{001D799E-178A-4F6B-A50C-5852C4F2C3FA}.Release|Any CPU.ActiveCfg = Release|Any CPU
		{001D799E-178A-4F6B-A50C-5852C4F2C3FA}.Release|Any CPU.Build.0 = Release|Any CPU
		{6CD92DF5-A483-4A84-B695-F950FDFC9615}.Debug|Any CPU.ActiveCfg = Debug|Any CPU
		{6CD92DF5-A483-4A84-B695-F950FDFC9615}.Debug|Any CPU.Build.0 = Debug|Any CPU
		{6CD92DF5-A483-4A84-B695-F950FDFC9615}.Release|Any CPU.ActiveCfg = Release|Any CPU
		{6CD92DF5-A483-4A84-B695-F950FDFC9615}.Release|Any CPU.Build.0 = Release|Any CPU
		{E50B2819-F09A-4804-86EB-1CCA5BDD1BCC}.Debug|Any CPU.ActiveCfg = Debug|Any CPU
		{E50B2819-F09A-4804-86EB-1CCA5BDD1BCC}.Debug|Any CPU.Build.0 = Debug|Any CPU
		{E50B2819-F09A-4804-86EB-1CCA5BDD1BCC}.Release|Any CPU.ActiveCfg = Release|Any CPU
		{E50B2819-F09A-4804-86EB-1CCA5BDD1BCC}.Release|Any CPU.Build.0 = Release|Any CPU
		{98C3CE24-CA7B-448D-99AA-018F859491CB}.Debug|Any CPU.ActiveCfg = Debug|Any CPU
		{98C3CE24-CA7B-448D-99AA-018F859491CB}.Debug|Any CPU.Build.0 = Debug|Any CPU
		{98C3CE24-CA7B-448D-99AA-018F859491CB}.Release|Any CPU.ActiveCfg = Release|Any CPU
		{98C3CE24-CA7B-448D-99AA-018F859491CB}.Release|Any CPU.Build.0 = Release|Any CPU
		{45AD65D7-3C1B-4064-BAC5-08E040ACAEDB}.Debug|Any CPU.ActiveCfg = Debug|Any CPU
		{45AD65D7-3C1B-4064-BAC5-08E040ACAEDB}.Debug|Any CPU.Build.0 = Debug|Any CPU
		{45AD65D7-3C1B-4064-BAC5-08E040ACAEDB}.Release|Any CPU.ActiveCfg = Release|Any CPU
		{45AD65D7-3C1B-4064-BAC5-08E040ACAEDB}.Release|Any CPU.Build.0 = Release|Any CPU
		{5F565438-5432-4661-BE1F-742A1F12714D}.Debug|Any CPU.ActiveCfg = Debug|Any CPU
		{5F565438-5432-4661-BE1F-742A1F12714D}.Debug|Any CPU.Build.0 = Debug|Any CPU
		{5F565438-5432-4661-BE1F-742A1F12714D}.Release|Any CPU.ActiveCfg = Release|Any CPU
		{5F565438-5432-4661-BE1F-742A1F12714D}.Release|Any CPU.Build.0 = Release|Any CPU
		{6B107B6D-B65B-4662-96F5-59EBF25D90D9}.Debug|Any CPU.ActiveCfg = Debug|Any CPU
		{6B107B6D-B65B-4662-96F5-59EBF25D90D9}.Debug|Any CPU.Build.0 = Debug|Any CPU
		{6B107B6D-B65B-4662-96F5-59EBF25D90D9}.Release|Any CPU.ActiveCfg = Release|Any CPU
		{6B107B6D-B65B-4662-96F5-59EBF25D90D9}.Release|Any CPU.Build.0 = Release|Any CPU
		{C46CC29E-A6A6-4A53-B652-7784FC7F6998}.Debug|Any CPU.ActiveCfg = Debug|Any CPU
		{C46CC29E-A6A6-4A53-B652-7784FC7F6998}.Debug|Any CPU.Build.0 = Debug|Any CPU
		{C46CC29E-A6A6-4A53-B652-7784FC7F6998}.Release|Any CPU.ActiveCfg = Release|Any CPU
		{C46CC29E-A6A6-4A53-B652-7784FC7F6998}.Release|Any CPU.Build.0 = Release|Any CPU
		{070BFDB5-25E3-4D87-883A-D293BA808EF9}.Debug|Any CPU.ActiveCfg = Debug|Any CPU
		{070BFDB5-25E3-4D87-883A-D293BA808EF9}.Debug|Any CPU.Build.0 = Debug|Any CPU
		{070BFDB5-25E3-4D87-883A-D293BA808EF9}.Release|Any CPU.ActiveCfg = Release|Any CPU
		{070BFDB5-25E3-4D87-883A-D293BA808EF9}.Release|Any CPU.Build.0 = Release|Any CPU
		{3E26DAA0-3AB1-4EEF-BEC5-A30AFDF281B4}.Debug|Any CPU.ActiveCfg = Debug|Any CPU
		{3E26DAA0-3AB1-4EEF-BEC5-A30AFDF281B4}.Debug|Any CPU.Build.0 = Debug|Any CPU
		{3E26DAA0-3AB1-4EEF-BEC5-A30AFDF281B4}.Release|Any CPU.ActiveCfg = Release|Any CPU
		{3E26DAA0-3AB1-4EEF-BEC5-A30AFDF281B4}.Release|Any CPU.Build.0 = Release|Any CPU
		{8A295213-5363-4C74-B6F6-C0CF22F9B9E1}.Debug|Any CPU.ActiveCfg = Debug|Any CPU
		{8A295213-5363-4C74-B6F6-C0CF22F9B9E1}.Debug|Any CPU.Build.0 = Debug|Any CPU
		{8A295213-5363-4C74-B6F6-C0CF22F9B9E1}.Release|Any CPU.ActiveCfg = Release|Any CPU
		{8A295213-5363-4C74-B6F6-C0CF22F9B9E1}.Release|Any CPU.Build.0 = Release|Any CPU
		{CBF93628-097A-48D8-BD05-956347FB0C1C}.Debug|Any CPU.ActiveCfg = Debug|Any CPU
		{CBF93628-097A-48D8-BD05-956347FB0C1C}.Debug|Any CPU.Build.0 = Debug|Any CPU
		{CBF93628-097A-48D8-BD05-956347FB0C1C}.Release|Any CPU.ActiveCfg = Release|Any CPU
		{CBF93628-097A-48D8-BD05-956347FB0C1C}.Release|Any CPU.Build.0 = Release|Any CPU
		{94EEB380-B17D-468B-88C1-14F12668F49C}.Debug|Any CPU.ActiveCfg = Debug|Any CPU
		{94EEB380-B17D-468B-88C1-14F12668F49C}.Debug|Any CPU.Build.0 = Debug|Any CPU
		{94EEB380-B17D-468B-88C1-14F12668F49C}.Release|Any CPU.ActiveCfg = Release|Any CPU
		{94EEB380-B17D-468B-88C1-14F12668F49C}.Release|Any CPU.Build.0 = Release|Any CPU
		{44448069-93D0-48C4-B0D5-D3C9C3EFD259}.Debug|Any CPU.ActiveCfg = Debug|Any CPU
		{44448069-93D0-48C4-B0D5-D3C9C3EFD259}.Debug|Any CPU.Build.0 = Debug|Any CPU
		{44448069-93D0-48C4-B0D5-D3C9C3EFD259}.Release|Any CPU.ActiveCfg = Release|Any CPU
		{44448069-93D0-48C4-B0D5-D3C9C3EFD259}.Release|Any CPU.Build.0 = Release|Any CPU
		{66B78CEB-E678-4F9F-9BDF-59DA55281B0A}.Debug|Any CPU.ActiveCfg = Debug|Any CPU
		{66B78CEB-E678-4F9F-9BDF-59DA55281B0A}.Debug|Any CPU.Build.0 = Debug|Any CPU
		{66B78CEB-E678-4F9F-9BDF-59DA55281B0A}.Release|Any CPU.ActiveCfg = Release|Any CPU
		{66B78CEB-E678-4F9F-9BDF-59DA55281B0A}.Release|Any CPU.Build.0 = Release|Any CPU
	EndGlobalSection
	GlobalSection(SolutionProperties) = preSolution
		HideSolutionNode = FALSE
	EndGlobalSection
	GlobalSection(NestedProjects) = preSolution
		{F8FA0652-EAF8-4962-A5CA-E0F7FD23EF5E} = {02EA681E-C7D8-13C7-8484-4AC65E1B71E8}
		{235DECE9-4603-4724-B6D6-5FD24E2AA8AF} = {02EA681E-C7D8-13C7-8484-4AC65E1B71E8}
		{2300A55A-E0EC-4C73-A47A-FDC2B7FFE902} = {02EA681E-C7D8-13C7-8484-4AC65E1B71E8}
		{FC2280A1-1D33-4003-93B8-8F5E843303C9} = {0FD24D74-D718-409D-B961-057C07DAD620}
		{3197E644-74FC-49C7-AEA5-4963D8299C47} = {0FD24D74-D718-409D-B961-057C07DAD620}
		{C934F9A0-8FA3-4C71-A207-AFB674E4B4C8} = {0FD24D74-D718-409D-B961-057C07DAD620}
		{64DBD7BB-1613-42D5-90F6-A08966B3237D} = {A2A9659E-AE22-4233-9268-8D277445FEFD}
		{7B69FEAD-8E11-4983-9111-41A2C784B0D3} = {A2A9659E-AE22-4233-9268-8D277445FEFD}
		{5E380546-0F44-4DC2-935F-40036ABDF002} = {A2A9659E-AE22-4233-9268-8D277445FEFD}
		{001D799E-178A-4F6B-A50C-5852C4F2C3FA} = {8ADBC594-BCA6-431B-AA7B-BF6C8C23BED3}
		{6CD92DF5-A483-4A84-B695-F950FDFC9615} = {8ADBC594-BCA6-431B-AA7B-BF6C8C23BED3}
		{E50B2819-F09A-4804-86EB-1CCA5BDD1BCC} = {8ADBC594-BCA6-431B-AA7B-BF6C8C23BED3}
		{98C3CE24-CA7B-448D-99AA-018F859491CB} = {6D8B6FFD-32D8-4957-BCC6-5940D5B50326}
		{45AD65D7-3C1B-4064-BAC5-08E040ACAEDB} = {6D8B6FFD-32D8-4957-BCC6-5940D5B50326}
		{5F565438-5432-4661-BE1F-742A1F12714D} = {6D8B6FFD-32D8-4957-BCC6-5940D5B50326}
		{6B107B6D-B65B-4662-96F5-59EBF25D90D9} = {FECE80A8-54CF-4CC4-BB1F-6397357CFED5}
		{C46CC29E-A6A6-4A53-B652-7784FC7F6998} = {FECE80A8-54CF-4CC4-BB1F-6397357CFED5}
		{070BFDB5-25E3-4D87-883A-D293BA808EF9} = {FECE80A8-54CF-4CC4-BB1F-6397357CFED5}
		{3E26DAA0-3AB1-4EEF-BEC5-A30AFDF281B4} = {1FC5610A-E874-42C7-9EB0-B55EB93376E8}
		{8A295213-5363-4C74-B6F6-C0CF22F9B9E1} = {1FC5610A-E874-42C7-9EB0-B55EB93376E8}
		{CBF93628-097A-48D8-BD05-956347FB0C1C} = {1FC5610A-E874-42C7-9EB0-B55EB93376E8}
		{94EEB380-B17D-468B-88C1-14F12668F49C} = {266B70BA-1C01-44ED-98B2-1C9D38D5E0B9}
		{44448069-93D0-48C4-B0D5-D3C9C3EFD259} = {266B70BA-1C01-44ED-98B2-1C9D38D5E0B9}
		{66B78CEB-E678-4F9F-9BDF-59DA55281B0A} = {266B70BA-1C01-44ED-98B2-1C9D38D5E0B9}
	EndGlobalSection
	GlobalSection(ExtensibilityGlobals) = postSolution
		SolutionGuid = {582936D9-4168-4806-910E-2304E43CFCEE}
	EndGlobalSection
EndGlobal
