
Microsoft Visual Studio Solution File, Format Version 12.00
# Visual Studio Version 17
VisualStudioVersion = 17.14.36414.22
MinimumVisualStudioVersion = 10.0.40219.1
Project("{2150E333-8FDC-42A3-9474-1A3956D46DE8}") = "Task0", "Task0", "{02EA681E-C7D8-13C7-8484-4AC65E1B71E8}"
EndProject
Project("{FAE04EC0-301F-11D3-BF4B-00C04F79EFBC}") = "Tyuiu.ZakachurinIE.Sprint3.Task0.V6", "Tyuiu.ZakachurinIE.Sprint3.Task0.V6\Tyuiu.ZakachurinIE.Sprint3.Task0.V6.csproj", "{F8FA0652-EAF8-4962-A5CA-E0F7FD23EF5E}"
EndProject
Project("{FAE04EC0-301F-11D3-BF4B-00C04F79EFBC}") = "Tyuiu.ZakachurinIE.Sprint3.Task0.V6.Lib", "Tyuiu.ZakachurinIE.Sprint3.Task0.V6.Lib\Tyuiu.ZakachurinIE.Sprint3.Task0.V6.Lib.csproj", "{235DECE9-4603-4724-B6D6-5FD24E2AA8AF}"
EndProject
Project("{FAE04EC0-301F-11D3-BF4B-00C04F79EFBC}") = "Tyuiu.ZakachurinIE.Sprint3.Task0.V6.Test", "Tyuiu.ZakachurinIE.Sprint3.Task0.V6.Test\Tyuiu.ZakachurinIE.Sprint3.Task0.V6.Test.csproj", "{2300A55A-E0EC-4C73-A47A-FDC2B7FFE902}"
EndProject
Project("{2150E333-8FDC-42A3-9474-1A3956D46DE8}") = "Task1", "Task1", "{0FD24D74-D718-409D-B961-057C07DAD620}"
EndProject
Project("{FAE04EC0-301F-11D3-BF4B-00C04F79EFBC}") = "Tyuiu.ZakachurinIE.Sprint3.Task1.V10", "Tyuiu.ZakachurinIE.Sprint3.Task1.V10\Tyuiu.ZakachurinIE.Sprint3.Task1.V10.csproj", "{FC2280A1-1D33-4003-93B8-8F5E843303C9}"
EndProject
Project("{FAE04EC0-301F-11D3-BF4B-00C04F79EFBC}") = "Tyuiu.ZakachurinIE.Sprint3.Task1.V10.Lib", "Tyuiu.ZakachurinIE.Sprint3.Task1.V10.Lib\Tyuiu.ZakachurinIE.Sprint3.Task1.V10.Lib.csproj", "{3197E644-74FC-49C7-AEA5-4963D8299C47}"
EndProject
Project("{FAE04EC0-301F-11D3-BF4B-00C04F79EFBC}") = "Tyuiu.ZakachurinIE.Sprint3.Task1.V10.Test", "Tyuiu.ZakachurinIE.Sprint3.Task1.V10.Test\Tyuiu.ZakachurinIE.Sprint3.Task1.V10.Test.csproj", "{C934F9A0-8FA3-4C71-A207-AFB674E4B4C8}"
EndProject
Project("{2150E333-8FDC-42A3-9474-1A3956D46DE8}") = "Task2", "Task2", "{A2A9659E-AE22-4233-9268-8D277445FEFD}"
EndProject
Project("{FAE04EC0-301F-11D3-BF4B-00C04F79EFBC}") = "Tyuiu.ZakachurinIE.Sprint3.Task2.V21", "Tyuiu.ZakachurinIE.Sprint3.Task2.V21\Tyuiu.ZakachurinIE.Sprint3.Task2.V21.csproj", "{64DBD7BB-1613-42D5-90F6-A08966B3237D}"
EndProject
Project("{FAE04EC0-301F-11D3-BF4B-00C04F79EFBC}") = "Tyuiu.ZakachurinIE.Sprint3.Task2.V21.Lib", "Tyuiu.ZakachurinIE.Sprint3.Task2.V21.Lib\Tyuiu.ZakachurinIE.Sprint3.Task2.V21.Lib.csproj", "{7B69FEAD-8E11-4983-9111-41A2C784B0D3}"
EndProject
Project("{FAE04EC0-301F-11D3-BF4B-00C04F79EFBC}") = "Tyuiu.ZakachurinIE.Sprint3.Task2.V21.Test", "Tyuiu.ZakachurinIE.Sprint3.Task2.V21.Test\Tyuiu.ZakachurinIE.Sprint3.Task2.V21.Test.csproj", "{5E380546-0F44-4DC2-935F-40036ABDF002}"
EndProject
Global
	GlobalSection(SolutionConfigurationPlatforms) = preSolution
		Debug|Any CPU = Debug|Any CPU
		Release|Any CPU = Release|Any CPU
	EndGlobalSection
	GlobalSection(ProjectConfigurationPlatforms) = postSolution
		{F8FA0652-EAF8-4962-A5CA-E0F7FD23EF5E}.Debug|Any CPU.ActiveCfg = Debug|Any CPU
		{F8FA0652-EAF8-4962-A5CA-E0F7FD23EF5E}.Debug|Any CPU.Build.0 = Debug|Any CPU
		{F8FA0652-EAF8-4962-A5CA-E0F7FD23EF5E}.Release|Any CPU.ActiveCfg = Release|Any CPU
		{F8FA0652-EAF8-4962-A5CA-E0F7FD23EF5E}.Release|Any CPU.Build.0 = Release|Any CPU
		{235DECE9-4603-4724-B6D6-5FD24E2AA8AF}.Debug|Any CPU.ActiveCfg = Debug|Any CPU
		{235DECE9-4603-4724-B6D6-5FD24E2AA8AF}.Debug|Any CPU.Build.0 = Debug|Any CPU
		{235DECE9-4603-4724-B6D6-5FD24E2AA8AF}.Release|Any CPU.ActiveCfg = Release|Any CPU
		{235DECE9-4603-4724-B6D6-5FD24E2AA8AF}.Release|Any CPU.Build.0 = Release|Any CPU
		{2300A55A-E0EC-4C73-A47A-FDC2B7FFE902}.Debug|Any CPU.ActiveCfg = Debug|Any CPU
		{2300A55A-E0EC-4C73-A47A-FDC2B7FFE902}.Debug|Any CPU.Build.0 = Debug|Any CPU
		{2300A55A-E0EC-4C73-A47A-FDC2B7FFE902}.Release|Any CPU.ActiveCfg = Release|Any CPU
		{2300A55A-E0EC-4C73-A47A-FDC2B7FFE902}.Release|Any CPU.Build.0 = Release|Any CPU
		{FC2280A1-1D33-4003-93B8-8F5E843303C9}.Debug|Any CPU.ActiveCfg = Debug|Any CPU
		{FC2280A1-1D33-4003-93B8-8F5E843303C9}.Debug|Any CPU.Build.0 = Debug|Any CPU
		{FC2280A1-1D33-4003-93B8-8F5E843303C9}.Release|Any CPU.ActiveCfg = Release|Any CPU
		{FC2280A1-1D33-4003-93B8-8F5E843303C9}.Release|Any CPU.Build.0 = Release|Any CPU
		{3197E644-74FC-49C7-AEA5-4963D8299C47}.Debug|Any CPU.ActiveCfg = Debug|Any CPU
		{3197E644-74FC-49C7-AEA5-4963D8299C47}.Debug|Any CPU.Build.0 = Debug|Any CPU
		{3197E644-74FC-49C7-AEA5-4963D8299C47}.Release|Any CPU.ActiveCfg = Release|Any CPU
		{3197E644-74FC-49C7-AEA5-4963D8299C47}.Release|Any CPU.Build.0 = Release|Any CPU
		{C934F9A0-8FA3-4C71-A207-AFB674E4B4C8}.Debug|Any CPU.ActiveCfg = Debug|Any CPU
		{C934F9A0-8FA3-4C71-A207-AFB674E4B4C8}.Debug|Any CPU.Build.0 = Debug|Any CPU
		{C934F9A0-8FA3-4C71-A207-AFB674E4B4C8}.Release|Any CPU.ActiveCfg = Release|Any CPU
		{C934F9A0-8FA3-4C71-A207-AFB674E4B4C8}.Release|Any CPU.Build.0 = Release|Any CPU
		{64DBD7BB-1613-42D5-90F6-A08966B3237D}.Debug|Any CPU.ActiveCfg = Debug|Any CPU
		{64DBD7BB-1613-42D5-90F6-A08966B3237D}.Debug|Any CPU.Build.0 = Debug|Any CPU
		{64DBD7BB-1613-42D5-90F6-A08966B3237D}.Release|Any CPU.ActiveCfg = Release|Any CPU
		{64DBD7BB-1613-42D5-90F6-A08966B3237D}.Release|Any CPU.Build.0 = Release|Any CPU
		{7B69FEAD-8E11-4983-9111-41A2C784B0D3}.Debug|Any CPU.ActiveCfg = Debug|Any CPU
		{7B69FEAD-8E11-4983-9111-41A2C784B0D3}.Debug|Any CPU.Build.0 = Debug|Any CPU
		{7B69FEAD-8E11-4983-9111-41A2C784B0D3}.Release|Any CPU.ActiveCfg = Release|Any CPU
		{7B69FEAD-8E11-4983-9111-41A2C784B0D3}.Release|Any CPU.Build.0 = Release|Any CPU
		{5E380546-0F44-4DC2-935F-40036ABDF002}.Debug|Any CPU.ActiveCfg = Debug|Any CPU
		{5E380546-0F44-4DC2-935F-40036ABDF002}.Debug|Any CPU.Build.0 = Debug|Any CPU
		{5E380546-0F44-4DC2-935F-40036ABDF002}.Release|Any CPU.ActiveCfg = Release|Any CPU
		{5E380546-0F44-4DC2-935F-40036ABDF002}.Release|Any CPU.Build.0 = Release|Any CPU
	EndGlobalSection
	GlobalSection(SolutionProperties) = preSolution
		HideSolutionNode = FALSE
	EndGlobalSection
	GlobalSection(NestedProjects) = preSolution
		{F8FA0652-EAF8-4962-A5CA-E0F7FD23EF5E} = {02EA681E-C7D8-13C7-8484-4AC65E1B71E8}
		{235DECE9-4603-4724-B6D6-5FD24E2AA8AF} = {02EA681E-C7D8-13C7-8484-4AC65E1B71E8}
		{2300A55A-E0EC-4C73-A47A-FDC2B7FFE902} = {02EA681E-C7D8-13C7-8484-4AC65E1B71E8}
		{FC2280A1-1D33-4003-93B8-8F5E843303C9} = {0FD24D74-D718-409D-B961-057C07DAD620}
		{3197E644-74FC-49C7-AEA5-4963D8299C47} = {0FD24D74-D718-409D-B961-057C07DAD620}
		{C934F9A0-8FA3-4C71-A207-AFB674E4B4C8} = {0FD24D74-D718-409D-B961-057C07DAD620}
		{64DBD7BB-1613-42D5-90F6-A08966B3237D} = {A2A9659E-AE22-4233-9268-8D277445FEFD}
		{7B69FEAD-8E11-4983-9111-41A2C784B0D3} = {A2A9659E-AE22-4233-9268-8D277445FEFD}
		{5E380546-0F44-4DC2-935F-40036ABDF002} = {A2A9659E-AE22-4233-9268-8D277445FEFD}
	EndGlobalSection
	GlobalSection(ExtensibilityGlobals) = postSolution
		SolutionGuid = {582936D9-4168-4806-910E-2304E43CFCEE}
	EndGlobalSection
EndGlobal
